
Microsoft Visual Studio Solution File, Format Version 12.00
# Visual Studio Version 17
VisualStudioVersion = 17.14.36408.4 d17.14
MinimumVisualStudioVersion = 10.0.40219.1
Project("{FAE04EC0-301F-11D3-BF4B-00C04F79EFBC}") = "SmartGallery", "SmartGallery.csproj", "{FF72D626-FA0F-A0CB-D177-99F3C6E21588}"
EndProject
Global
	GlobalSection(SolutionConfigurationPlatforms) = preSolution
		Debug|Any CPU = Debug|Any CPU
		Release|Any CPU = Release|Any CPU
	EndGlobalSection
	GlobalSection(ProjectConfigurationPlatforms) = postSolution
		{FF72D626-FA0F-A0CB-D177-99F3C6E21588}.Debug|Any CPU.ActiveCfg = Debug|Any CPU
		{FF72D626-FA0F-A0CB-D177-99F3C6E21588}.Debug|Any CPU.Build.0 = Debug|Any CPU
		{FF72D626-FA0F-A0CB-D177-99F3C6E21588}.Release|Any CPU.ActiveCfg = Release|Any CPU
		{FF72D626-FA0F-A0CB-D177-99F3C6E21588}.Release|Any CPU.Build.0 = Release|Any CPU
	EndGlobalSection
	GlobalSection(SolutionProperties) = preSolution
		HideSolutionNode = FALSE
	EndGlobalSection
	GlobalSection(ExtensibilityGlobals) = postSolution
		SolutionGuid = {00F09B96-18EE-4A61-BA87-21458BE4938C}
	EndGlobalSection
EndGlobal
